
Microsoft Visual Studio Solution File, Format Version 12.00
# Visual Studio 15
VisualStudioVersion = 15.0.28010.2016
MinimumVisualStudioVersion = 10.0.40219.1
Project("{FAE04EC0-301F-11D3-BF4B-00C04F79EFBC}") = "Prov Klasser och Instanser", "Prov Klasser och Instanser\Prov Klasser och Instanser.csproj", "{6C5157B9-0827-4A88-910A-7C541B4EC5C5}"
EndProject
Global
	GlobalSection(SolutionConfigurationPlatforms) = preSolution
		Debug|Any CPU = Debug|Any CPU
		Release|Any CPU = Release|Any CPU
	EndGlobalSection
	GlobalSection(ProjectConfigurationPlatforms) = postSolution
		{6C5157B9-0827-4A88-910A-7C541B4EC5C5}.Debug|Any CPU.ActiveCfg = Debug|Any CPU
		{6C5157B9-0827-4A88-910A-7C541B4EC5C5}.Debug|Any CPU.Build.0 = Debug|Any CPU
		{6C5157B9-0827-4A88-910A-7C541B4EC5C5}.Release|Any CPU.ActiveCfg = Release|Any CPU
		{6C5157B9-0827-4A88-910A-7C541B4EC5C5}.Release|Any CPU.Build.0 = Release|Any CPU
	EndGlobalSection
	GlobalSection(SolutionProperties) = preSolution
		HideSolutionNode = FALSE
	EndGlobalSection
	GlobalSection(ExtensibilityGlobals) = postSolution
		SolutionGuid = {6E7E0FBB-D822-4FA6-A8E5-40D1CD423FFF}
	EndGlobalSection
EndGlobal
